
Microsoft Visual Studio Solution File, Format Version 12.00
# Visual Studio 15
VisualStudioVersion = 15.0.28307.1022
MinimumVisualStudioVersion = 10.0.40219.1
Project("{FAE04EC0-301F-11D3-BF4B-00C04F79EFBC}") = "Programa_1", "Programa_1\Programa_1.csproj", "{9C61F592-2BB0-402E-AF7C-A5F1361187E4}"
EndProject
Global
	GlobalSection(SolutionConfigurationPlatforms) = preSolution
		Debug|Any CPU = Debug|Any CPU
		Release|Any CPU = Release|Any CPU
	EndGlobalSection
	GlobalSection(ProjectConfigurationPlatforms) = postSolution
		{9C61F592-2BB0-402E-AF7C-A5F1361187E4}.Debug|Any CPU.ActiveCfg = Debug|Any CPU
		{9C61F592-2BB0-402E-AF7C-A5F1361187E4}.Debug|Any CPU.Build.0 = Debug|Any CPU
		{9C61F592-2BB0-402E-AF7C-A5F1361187E4}.Release|Any CPU.ActiveCfg = Release|Any CPU
		{9C61F592-2BB0-402E-AF7C-A5F1361187E4}.Release|Any CPU.Build.0 = Release|Any CPU
	EndGlobalSection
	GlobalSection(SolutionProperties) = preSolution
		HideSolutionNode = FALSE
	EndGlobalSection
	GlobalSection(ExtensibilityGlobals) = postSolution
		SolutionGuid = {79257B3A-C546-4959-B352-0C6101BEE227}
	EndGlobalSection
EndGlobal
